
Microsoft Visual Studio Solution File, Format Version 12.00
# Visual Studio Version 17
VisualStudioVersion = 17.9.34728.123
MinimumVisualStudioVersion = 10.0.40219.1
Project("{FAE04EC0-301F-11D3-BF4B-00C04F79EFBC}") = "СитдиковаГлазкиСейв", "СитдиковаГлазкиСейв\СитдиковаГлазкиСейв.csproj", "{0FDBBCB0-751B-4473-BC02-7180F11D9140}"
EndProject
Global
	GlobalSection(SolutionConfigurationPlatforms) = preSolution
		Debug|Any CPU = Debug|Any CPU
		Release|Any CPU = Release|Any CPU
	EndGlobalSection
	GlobalSection(ProjectConfigurationPlatforms) = postSolution
		{0FDBBCB0-751B-4473-BC02-7180F11D9140}.Debug|Any CPU.ActiveCfg = Debug|Any CPU
		{0FDBBCB0-751B-4473-BC02-7180F11D9140}.Debug|Any CPU.Build.0 = Debug|Any CPU
		{0FDBBCB0-751B-4473-BC02-7180F11D9140}.Release|Any CPU.ActiveCfg = Release|Any CPU
		{0FDBBCB0-751B-4473-BC02-7180F11D9140}.Release|Any CPU.Build.0 = Release|Any CPU
	EndGlobalSection
	GlobalSection(SolutionProperties) = preSolution
		HideSolutionNode = FALSE
	EndGlobalSection
	GlobalSection(ExtensibilityGlobals) = postSolution
		SolutionGuid = {B2E9889B-AB47-439C-8ACD-D6122AE13961}
	EndGlobalSection
EndGlobal
